
Microsoft Visual Studio Solution File, Format Version 12.00
# Visual Studio Version 17
VisualStudioVersion = 17.7.34024.191
MinimumVisualStudioVersion = 10.0.40219.1
Project("{8BC9CEB8-8B4A-11D0-8D11-00A0C91BC942}") = "2-2", "2-2.vcxproj", "{B9C5A3D4-C89C-457E-AF21-69A72F7BBB63}"
EndProject
Global
	GlobalSection(SolutionConfigurationPlatforms) = preSolution
		Debug|x64 = Debug|x64
		Debug|x86 = Debug|x86
		Release|x64 = Release|x64
		Release|x86 = Release|x86
	EndGlobalSection
	GlobalSection(ProjectConfigurationPlatforms) = postSolution
		{B9C5A3D4-C89C-457E-AF21-69A72F7BBB63}.Debug|x64.ActiveCfg = Debug|x64
		{B9C5A3D4-C89C-457E-AF21-69A72F7BBB63}.Debug|x64.Build.0 = Debug|x64
		{B9C5A3D4-C89C-457E-AF21-69A72F7BBB63}.Debug|x86.ActiveCfg = Debug|Win32
		{B9C5A3D4-C89C-457E-AF21-69A72F7BBB63}.Debug|x86.Build.0 = Debug|Win32
		{B9C5A3D4-C89C-457E-AF21-69A72F7BBB63}.Release|x64.ActiveCfg = Release|x64
		{B9C5A3D4-C89C-457E-AF21-69A72F7BBB63}.Release|x64.Build.0 = Release|x64
		{B9C5A3D4-C89C-457E-AF21-69A72F7BBB63}.Release|x86.ActiveCfg = Release|Win32
		{B9C5A3D4-C89C-457E-AF21-69A72F7BBB63}.Release|x86.Build.0 = Release|Win32
	EndGlobalSection
	GlobalSection(SolutionProperties) = preSolution
		HideSolutionNode = FALSE
	EndGlobalSection
	GlobalSection(ExtensibilityGlobals) = postSolution
		SolutionGuid = {B5EAB900-F712-4479-9D4E-145A6BD270D3}
	EndGlobalSection
EndGlobal
